
Microsoft Visual Studio Solution File, Format Version 12.00
# Visual Studio Version 16
VisualStudioVersion = 16.0.30320.27
MinimumVisualStudioVersion = 10.0.40219.1
Project("{9A19103F-16F7-4668-BE54-9A1E7A4F7556}") = "Cafe.API", "Cafe.API.csproj", "{57D35199-D00B-4DCA-924C-331C22F63E50}"
EndProject
Project("{FAE04EC0-301F-11D3-BF4B-00C04F79EFBC}") = "Cafe.Client", "..\Cafe.Client\Cafe.Client.csproj", "{9C81E928-CCA4-4871-8B19-8CA195CC0AEC}"
EndProject
Global
	GlobalSection(SolutionConfigurationPlatforms) = preSolution
		Debug|Any CPU = Debug|Any CPU
		Release|Any CPU = Release|Any CPU
	EndGlobalSection
	GlobalSection(ProjectConfigurationPlatforms) = postSolution
		{57D35199-D00B-4DCA-924C-331C22F63E50}.Debug|Any CPU.ActiveCfg = Debug|Any CPU
		{57D35199-D00B-4DCA-924C-331C22F63E50}.Debug|Any CPU.Build.0 = Debug|Any CPU
		{57D35199-D00B-4DCA-924C-331C22F63E50}.Release|Any CPU.ActiveCfg = Release|Any CPU
		{57D35199-D00B-4DCA-924C-331C22F63E50}.Release|Any CPU.Build.0 = Release|Any CPU
		{9C81E928-CCA4-4871-8B19-8CA195CC0AEC}.Debug|Any CPU.ActiveCfg = Debug|Any CPU
		{9C81E928-CCA4-4871-8B19-8CA195CC0AEC}.Debug|Any CPU.Build.0 = Debug|Any CPU
		{9C81E928-CCA4-4871-8B19-8CA195CC0AEC}.Release|Any CPU.ActiveCfg = Release|Any CPU
		{9C81E928-CCA4-4871-8B19-8CA195CC0AEC}.Release|Any CPU.Build.0 = Release|Any CPU
	EndGlobalSection
	GlobalSection(SolutionProperties) = preSolution
		HideSolutionNode = FALSE
	EndGlobalSection
	GlobalSection(ExtensibilityGlobals) = postSolution
		SolutionGuid = {1FFF2D3D-9A27-4237-98CC-28371E88DCA5}
	EndGlobalSection
EndGlobal
